
Microsoft Visual Studio Solution File, Format Version 12.00
# Visual Studio Version 17
VisualStudioVersion = 17.8.34601.278
MinimumVisualStudioVersion = 10.0.40219.1
Project("{FAE04EC0-301F-11D3-BF4B-00C04F79EFBC}") = "Lecture2_Notes", "Lecture2_Notes\Lecture2_Notes.csproj", "{4B22139A-A045-467B-95D7-BA07A3456A03}"
EndProject
Global
	GlobalSection(SolutionConfigurationPlatforms) = preSolution
		Debug|Any CPU = Debug|Any CPU
		Release|Any CPU = Release|Any CPU
	EndGlobalSection
	GlobalSection(ProjectConfigurationPlatforms) = postSolution
		{4B22139A-A045-467B-95D7-BA07A3456A03}.Debug|Any CPU.ActiveCfg = Debug|Any CPU
		{4B22139A-A045-467B-95D7-BA07A3456A03}.Debug|Any CPU.Build.0 = Debug|Any CPU
		{4B22139A-A045-467B-95D7-BA07A3456A03}.Release|Any CPU.ActiveCfg = Release|Any CPU
		{4B22139A-A045-467B-95D7-BA07A3456A03}.Release|Any CPU.Build.0 = Release|Any CPU
	EndGlobalSection
	GlobalSection(SolutionProperties) = preSolution
		HideSolutionNode = FALSE
	EndGlobalSection
	GlobalSection(ExtensibilityGlobals) = postSolution
		SolutionGuid = {C52489B9-4331-4628-9143-F5239DC3ADEC}
	EndGlobalSection
EndGlobal
